
Microsoft Visual Studio Solution File, Format Version 12.00
# Visual Studio Version 16
VisualStudioVersion = 16.0.30804.86
MinimumVisualStudioVersion = 10.0.40219.1
Project("{9A19103F-16F7-4668-BE54-9A1E7A4F7556}") = "RPS", "RPS\RPS.csproj", "{4D191EE3-8DDC-4EEC-81BB-E339EBFEFA8A}"
EndProject
Project("{FAE04EC0-301F-11D3-BF4B-00C04F79EFBC}") = "RPS.Test", "RPS.Test\RPS.Test.csproj", "{EA7E557C-F57E-4967-B0A4-0268A44DBB24}"
EndProject
Global
	GlobalSection(SolutionConfigurationPlatforms) = preSolution
		Debug|Any CPU = Debug|Any CPU
		Release|Any CPU = Release|Any CPU
	EndGlobalSection
	GlobalSection(ProjectConfigurationPlatforms) = postSolution
		{4D191EE3-8DDC-4EEC-81BB-E339EBFEFA8A}.Debug|Any CPU.ActiveCfg = Debug|Any CPU
		{4D191EE3-8DDC-4EEC-81BB-E339EBFEFA8A}.Debug|Any CPU.Build.0 = Debug|Any CPU
		{4D191EE3-8DDC-4EEC-81BB-E339EBFEFA8A}.Release|Any CPU.ActiveCfg = Release|Any CPU
		{4D191EE3-8DDC-4EEC-81BB-E339EBFEFA8A}.Release|Any CPU.Build.0 = Release|Any CPU
		{EA7E557C-F57E-4967-B0A4-0268A44DBB24}.Debug|Any CPU.ActiveCfg = Debug|Any CPU
		{EA7E557C-F57E-4967-B0A4-0268A44DBB24}.Debug|Any CPU.Build.0 = Debug|Any CPU
		{EA7E557C-F57E-4967-B0A4-0268A44DBB24}.Release|Any CPU.ActiveCfg = Release|Any CPU
		{EA7E557C-F57E-4967-B0A4-0268A44DBB24}.Release|Any CPU.Build.0 = Release|Any CPU
	EndGlobalSection
	GlobalSection(SolutionProperties) = preSolution
		HideSolutionNode = FALSE
	EndGlobalSection
	GlobalSection(ExtensibilityGlobals) = postSolution
		SolutionGuid = {61B72813-7579-402B-AE50-980E7B05923A}
	EndGlobalSection
EndGlobal
